// !$*UTF8*$!
{
	archiveVersion = 1;
	classes = {
	};
	objectVersion = 50;
	objects = {

/* Begin PBXBuildFile section */
		2570BCDE266CB14E008326C5 /* AppDelegate.swift in Sources */ = {isa = PBXBuildFile; fileRef = 2570BCDD266CB14E008326C5 /* AppDelegate.swift */; };
		2570BCE0266CB14E008326C5 /* SceneDelegate.swift in Sources */ = {isa = PBXBuildFile; fileRef = 2570BCDF266CB14E008326C5 /* SceneDelegate.swift */; };
		2570BCE2266CB14E008326C5 /* ViewController.swift in Sources */ = {isa = PBXBuildFile; fileRef = 2570BCE1266CB14E008326C5 /* ViewController.swift */; };
		2570BCE5266CB14E008326C5 /* Main.storyboard in Resources */ = {isa = PBXBuildFile; fileRef = 2570BCE3266CB14E008326C5 /* Main.storyboard */; };
		2570BCE7266CB14F008326C5 /* Assets.xcassets in Resources */ = {isa = PBXBuildFile; fileRef = 2570BCE6266CB14F008326C5 /* Assets.xcassets */; };
		2570BCEA266CB14F008326C5 /* LaunchScreen.storyboard in Resources */ = {isa = PBXBuildFile; fileRef = 2570BCE8266CB14F008326C5 /* LaunchScreen.storyboard */; };
		2570BCF6266CB16D008326C5 /* CustomConstraintMethod.swift in Sources */ = {isa = PBXBuildFile; fileRef = 2570BCF5266CB16D008326C5 /* CustomConstraintMethod.swift */; };
		2570BCF9266CC063008326C5 /* LayoutDrivenView.swift in Sources */ = {isa = PBXBuildFile; fileRef = 2570BCF8266CC063008326C5 /* LayoutDrivenView.swift */; };
/* End PBXBuildFile section */

/* Begin PBXFileReference section */
		2570BCDA266CB14E008326C5 /* LayoutDrivenUIProject.app */ = {isa = PBXFileReference; explicitFileType = wrapper.application; includeInIndex = 0; path = LayoutDrivenUIProject.app; sourceTree = BUILT_PRODUCTS_DIR; };
		2570BCDD266CB14E008326C5 /* AppDelegate.swift */ = {isa = PBXFileReference; lastKnownFileType = sourcecode.swift; path = AppDelegate.swift; sourceTree = "<group>"; };
		2570BCDF266CB14E008326C5 /* SceneDelegate.swift */ = {isa = PBXFileReference; lastKnownFileType = sourcecode.swift; path = SceneDelegate.swift; sourceTree = "<group>"; };
		2570BCE1266CB14E008326C5 /* ViewController.swift */ = {isa = PBXFileReference; lastKnownFileType = sourcecode.swift; path = ViewController.swift; sourceTree = "<group>"; };
		2570BCE4266CB14E008326C5 /* Base */ = {isa = PBXFileReference; lastKnownFileType = file.storyboard; name = Base; path = Base.lproj/Main.storyboard; sourceTree = "<group>"; };
		2570BCE6266CB14F008326C5 /* Assets.xcassets */ = {isa = PBXFileReference; lastKnownFileType = folder.assetcatalog; path = Assets.xcassets; sourceTree = "<group>"; };
		2570BCE9266CB14F008326C5 /* Base */ = {isa = PBXFileReference; lastKnownFileType = file.storyboard; name = Base; path = Base.lproj/LaunchScreen.storyboard; sourceTree = "<group>"; };
		2570BCEB266CB14F008326C5 /* Info.plist */ = {isa = PBXFileReference; lastKnownFileType = text.plist.xml; path = Info.plist; sourceTree = "<group>"; };
		2570BCF5266CB16D008326C5 /* CustomConstraintMethod.swift */ = {isa = PBXFileReference; lastKnownFileType = sourcecode.swift; path = CustomConstraintMethod.swift; sourceTree = "<group>"; };
		2570BCF8266CC063008326C5 /* LayoutDrivenView.swift */ = {isa = PBXFileReference; lastKnownFileType = sourcecode.swift; path = LayoutDrivenView.swift; sourceTree = "<group>"; };
/* End PBXFileReference section */

/* Begin PBXFrameworksBuildPhase section */
		2570BCD7266CB14E008326C5 /* Frameworks */ = {
			isa = PBXFrameworksBuildPhase;
			buildActionMask = 2147483647;
			files = (
			);
			runOnlyForDeploymentPostprocessing = 0;
		};
/* End PBXFrameworksBuildPhase section */

/* Begin PBXGroup section */
		2570BCD1266CB14E008326C5 = {
			isa = PBXGroup;
			children = (
				2570BCDC266CB14E008326C5 /* LayoutDrivenUIProject */,
				2570BCDB266CB14E008326C5 /* Products */,
			);
			sourceTree = "<group>";
		};
		2570BCDB266CB14E008326C5 /* Products */ = {
			isa = PBXGroup;
			children = (
				2570BCDA266CB14E008326C5 /* LayoutDrivenUIProject.app */,
			);
			name = Products;
			sourceTree = "<group>";
		};
		2570BCDC266CB14E008326C5 /* LayoutDrivenUIProject */ = {
			isa = PBXGroup;
			children = (
				2570BCF7266CB186008326C5 /* Configuration */,
				2570BCF4266CB161008326C5 /* Extension */,
				2570BCF3266CB15E008326C5 /* Model */,
				2570BCF2266CB158008326C5 /* View */,
				2570BCF1266CB155008326C5 /* Controller */,
				2570BCE6266CB14F008326C5 /* Assets.xcassets */,
				2570BCEB266CB14F008326C5 /* Info.plist */,
			);
			path = LayoutDrivenUIProject;
			sourceTree = "<group>";
		};
		2570BCF1266CB155008326C5 /* Controller */ = {
			isa = PBXGroup;
			children = (
				2570BCE1266CB14E008326C5 /* ViewController.swift */,
			);
			path = Controller;
			sourceTree = "<group>";
		};
		2570BCF2266CB158008326C5 /* View */ = {
			isa = PBXGroup;
			children = (
				2570BCE8266CB14F008326C5 /* LaunchScreen.storyboard */,
				2570BCE3266CB14E008326C5 /* Main.storyboard */,
				2570BCF8266CC063008326C5 /* LayoutDrivenView.swift */,
			);
			path = View;
			sourceTree = "<group>";
		};
		2570BCF3266CB15E008326C5 /* Model */ = {
			isa = PBXGroup;
			children = (
			);
			path = Model;
			sourceTree = "<group>";
		};
		2570BCF4266CB161008326C5 /* Extension */ = {
			isa = PBXGroup;
			children = (
				2570BCF5266CB16D008326C5 /* CustomConstraintMethod.swift */,
			);
			path = Extension;
			sourceTree = "<group>";
		};
		2570BCF7266CB186008326C5 /* Configuration */ = {
			isa = PBXGroup;
			children = (
				2570BCDD266CB14E008326C5 /* AppDelegate.swift */,
				2570BCDF266CB14E008326C5 /* SceneDelegate.swift */,
			);
			path = Configuration;
			sourceTree = "<group>";
		};
/* End PBXGroup section */

/* Begin PBXNativeTarget section */
		2570BCD9266CB14E008326C5 /* LayoutDrivenUIProject */ = {
			isa = PBXNativeTarget;
			buildConfigurationList = 2570BCEE266CB14F008326C5 /* Build configuration list for PBXNativeTarget "LayoutDrivenUIProject" */;
			buildPhases = (
				2570BCD6266CB14E008326C5 /* Sources */,
				2570BCD7266CB14E008326C5 /* Frameworks */,
				2570BCD8266CB14E008326C5 /* Resources */,
			);
			buildRules = (
			);
			dependencies = (
			);
			name = LayoutDrivenUIProject;
			productName = LayoutDrivenUIProject;
			productReference = 2570BCDA266CB14E008326C5 /* LayoutDrivenUIProject.app */;
			productType = "com.apple.product-type.application";
		};
/* End PBXNativeTarget section */

/* Begin PBXProject section */
		2570BCD2266CB14E008326C5 /* Project object */ = {
			isa = PBXProject;
			attributes = {
				LastSwiftUpdateCheck = 1250;
				LastUpgradeCheck = 1250;
				TargetAttributes = {
					2570BCD9266CB14E008326C5 = {
						CreatedOnToolsVersion = 12.5;
					};
				};
			};
			buildConfigurationList = 2570BCD5266CB14E008326C5 /* Build configuration list for PBXProject "LayoutDrivenUIProject" */;
			compatibilityVersion = "Xcode 9.3";
			developmentRegion = en;
			hasScannedForEncodings = 0;
			knownRegions = (
				en,
				Base,
			);
			mainGroup = 2570BCD1266CB14E008326C5;
			productRefGroup = 2570BCDB266CB14E008326C5 /* Products */;
			projectDirPath = "";
			projectRoot = "";
			targets = (
				2570BCD9266CB14E008326C5 /* LayoutDrivenUIProject */,
			);
		};
/* End PBXProject section */

/* Begin PBXResourcesBuildPhase section */
		2570BCD8266CB14E008326C5 /* Resources */ = {
			isa = PBXResourcesBuildPhase;
			buildActionMask = 2147483647;
			files = (
				2570BCEA266CB14F008326C5 /* LaunchScreen.storyboard in Resources */,
				2570BCE7266CB14F008326C5 /* Assets.xcassets in Resources */,
				2570BCE5266CB14E008326C5 /* Main.storyboard in Resources */,
			);
			runOnlyForDeploymentPostprocessing = 0;
		};
/* End PBXResourcesBuildPhase section */

/* Begin PBXSourcesBuildPhase section */
		2570BCD6266CB14E008326C5 /* Sources */ = {
			isa = PBXSourcesBuildPhase;
			buildActionMask = 2147483647;
			files = (
				2570BCF6266CB16D008326C5 /* CustomConstraintMethod.swift in Sources */,
				2570BCE2266CB14E008326C5 /* ViewController.swift in Sources */,
				2570BCF9266CC063008326C5 /* LayoutDrivenView.swift in Sources */,
				2570BCDE266CB14E008326C5 /* AppDelegate.swift in Sources */,
				2570BCE0266CB14E008326C5 /* SceneDelegate.swift in Sources */,
			);
			runOnlyForDeploymentPostprocessing = 0;
		};
/* End PBXSourcesBuildPhase section */

/* Begin PBXVariantGroup section */
		2570BCE3266CB14E008326C5 /* Main.storyboard */ = {
			isa = PBXVariantGroup;
			children = (
				2570BCE4266CB14E008326C5 /* Base */,
			);
			name = Main.storyboard;
			sourceTree = "<group>";
		};
		2570BCE8266CB14F008326C5 /* LaunchScreen.storyboard */ = {
			isa = PBXVariantGroup;
			children = (
				2570BCE9266CB14F008326C5 /* Base */,
			);
			name = LaunchScreen.storyboard;
			sourceTree = "<group>";
		};
/* End PBXVariantGroup section */

/* Begin XCBuildConfiguration section */
		2570BCEC266CB14F008326C5 /* Debug */ = {
			isa = XCBuildConfiguration;
			buildSettings = {
				ALWAYS_SEARCH_USER_PATHS = NO;
				CLANG_ANALYZER_NONNULL = YES;
				CLANG_ANALYZER_NUMBER_OBJECT_CONVERSION = YES_AGGRESSIVE;
				CLANG_CXX_LANGUAGE_STANDARD = "gnu++14";
				CLANG_CXX_LIBRARY = "libc++";
				CLANG_ENABLE_MODULES = YES;
				CLANG_ENABLE_OBJC_ARC = YES;
				CLANG_ENABLE_OBJC_WEAK = YES;
				CLANG_WARN_BLOCK_CAPTURE_AUTORELEASING = YES;
				CLANG_WARN_BOOL_CONVERSION = YES;
				CLANG_WARN_COMMA = YES;
				CLANG_WARN_CONSTANT_CONVERSION = YES;
				CLANG_WARN_DEPRECATED_OBJC_IMPLEMENTATIONS = YES;
				CLANG_WARN_DIRECT_OBJC_ISA_USAGE = YES_ERROR;
				CLANG_WARN_DOCUMENTATION_COMMENTS = YES;
				CLANG_WARN_EMPTY_BODY = YES;
				CLANG_WARN_ENUM_CONVERSION = YES;
				CLANG_WARN_INFINITE_RECURSION = YES;
				CLANG_WARN_INT_CONVERSION = YES;
				CLANG_WARN_NON_LITERAL_NULL_CONVERSION = YES;
				CLANG_WARN_OBJC_IMPLICIT_RETAIN_SELF = YES;
				CLANG_WARN_OBJC_LITERAL_CONVERSION = YES;
				CLANG_WARN_OBJC_ROOT_CLASS = YES_ERROR;
				CLANG_WARN_QUOTED_INCLUDE_IN_FRAMEWORK_HEADER = YES;
				CLANG_WARN_RANGE_LOOP_ANALYSIS = YES;
				CLANG_WARN_STRICT_PROTOTYPES = YES;
				CLANG_WARN_SUSPICIOUS_MOVE = YES;
				CLANG_WARN_UNGUARDED_AVAILABILITY = YES_AGGRESSIVE;
				CLANG_WARN_UNREACHABLE_CODE = YES;
				CLANG_WARN__DUPLICATE_METHOD_MATCH = YES;
				COPY_PHASE_STRIP = NO;
				DEBUG_INFORMATION_FORMAT = dwarf;
				ENABLE_STRICT_OBJC_MSGSEND = YES;
				ENABLE_TESTABILITY = YES;
				GCC_C_LANGUAGE_STANDARD = gnu11;
				GCC_DYNAMIC_NO_PIC = NO;
				GCC_NO_COMMON_BLOCKS = YES;
				GCC_OPTIMIZATION_LEVEL = 0;
				GCC_PREPROCESSOR_DEFINITIONS = (
					"DEBUG=1",
					"$(inherited)",
				);
				GCC_WARN_64_TO_32_BIT_CONVERSION = YES;
				GCC_WARN_ABOUT_RETURN_TYPE = YES_ERROR;
				GCC_WARN_UNDECLARED_SELECTOR = YES;
				GCC_WARN_UNINITIALIZED_AUTOS = YES_AGGRESSIVE;
				GCC_WARN_UNUSED_FUNCTION = YES;
				GCC_WARN_UNUSED_VARIABLE = YES;
				IPHONEOS_DEPLOYMENT_TARGET = 14.5;
				MTL_ENABLE_DEBUG_INFO = INCLUDE_SOURCE;
				MTL_FAST_MATH = YES;
				ONLY_ACTIVE_ARCH = YES;
				SDKROOT = iphoneos;
				SWIFT_ACTIVE_COMPILATION_CONDITIONS = DEBUG;
				SWIFT_OPTIMIZATION_LEVEL = "-Onone";
			};
			name = Debug;
		};
		2570BCED266CB14F008326C5 /* Release */ = {
			isa = XCBuildConfiguration;
			buildSettings = {
				ALWAYS_SEARCH_USER_PATHS = NO;
				CLANG_ANALYZER_NONNULL = YES;
				CLANG_ANALYZER_NUMBER_OBJECT_CONVERSION = YES_AGGRESSIVE;
				CLANG_CXX_LANGUAGE_STANDARD = "gnu++14";
				CLANG_CXX_LIBRARY = "libc++";
				CLANG_ENABLE_MODULES = YES;
				CLANG_ENABLE_OBJC_ARC = YES;
				CLANG_ENABLE_OBJC_WEAK = YES;
				CLANG_WARN_BLOCK_CAPTURE_AUTORELEASING = YES;
				CLANG_WARN_BOOL_CONVERSION = YES;
				CLANG_WARN_COMMA = YES;
				CLANG_WARN_CONSTANT_CONVERSION = YES;
				CLANG_WARN_DEPRECATED_OBJC_IMPLEMENTATIONS = YES;
				CLANG_WARN_DIRECT_OBJC_ISA_USAGE = YES_ERROR;
				CLANG_WARN_DOCUMENTATION_COMMENTS = YES;
				CLANG_WARN_EMPTY_BODY = YES;
				CLANG_WARN_ENUM_CONVERSION = YES;
				CLANG_WARN_INFINITE_RECURSION = YES;
				CLANG_WARN_INT_CONVERSION = YES;
				CLANG_WARN_NON_LITERAL_NULL_CONVERSION = YES;
				CLANG_WARN_OBJC_IMPLICIT_RETAIN_SELF = YES;
				CLANG_WARN_OBJC_LITERAL_CONVERSION = YES;
				CLANG_WARN_OBJC_ROOT_CLASS = YES_ERROR;
				CLANG_WARN_QUOTED_INCLUDE_IN_FRAMEWORK_HEADER = YES;
				CLANG_WARN_RANGE_LOOP_ANALYSIS = YES;
				CLANG_WARN_STRICT_PROTOTYPES = YES;
				CLANG_WARN_SUSPICIOUS_MOVE = YES;
				CLANG_WARN_UNGUARDED_AVAILABILITY = YES_AGGRESSIVE;
				CLANG_WARN_UNREACHABLE_CODE = YES;
				CLANG_WARN__DUPLICATE_METHOD_MATCH = YES;
				COPY_PHASE_STRIP = NO;
				DEBUG_INFORMATION_FORMAT = "dwarf-with-dsym";
				ENABLE_NS_ASSERTIONS = NO;
				ENABLE_STRICT_OBJC_MSGSEND = YES;
				GCC_C_LANGUAGE_STANDARD = gnu11;
				GCC_NO_COMMON_BLOCKS = YES;
				GCC_WARN_64_TO_32_BIT_CONVERSION = YES;
				GCC_WARN_ABOUT_RETURN_TYPE = YES_ERROR;
				GCC_WARN_UNDECLARED_SELECTOR = YES;
				GCC_WARN_UNINITIALIZED_AUTOS = YES_AGGRESSIVE;
				GCC_WARN_UNUSED_FUNCTION = YES;
				GCC_WARN_UNUSED_VARIABLE = YES;
				IPHONEOS_DEPLOYMENT_TARGET = 14.5;
				MTL_ENABLE_DEBUG_INFO = NO;
				MTL_FAST_MATH = YES;
				SDKROOT = iphoneos;
				SWIFT_COMPILATION_MODE = wholemodule;
				SWIFT_OPTIMIZATION_LEVEL = "-O";
				VALIDATE_PRODUCT = YES;
			};
			name = Release;
		};
		2570BCEF266CB14F008326C5 /* Debug */ = {
			isa = XCBuildConfiguration;
			buildSettings = {
				ASSETCATALOG_COMPILER_APPICON_NAME = AppIcon;
				ASSETCATALOG_COMPILER_GLOBAL_ACCENT_COLOR_NAME = AccentColor;
				CODE_SIGN_STYLE = Automatic;
				DEVELOPMENT_TEAM = 5WAUHBZJ8Z;
				INFOPLIST_FILE = LayoutDrivenUIProject/Info.plist;
				LD_RUNPATH_SEARCH_PATHS = (
					"$(inherited)",
					"@executable_path/Frameworks",
				);
				PRODUCT_BUNDLE_IDENTIFIER = com.LayoutDrivenUIProject;
				PRODUCT_NAME = "$(TARGET_NAME)";
				SWIFT_VERSION = 5.0;
				TARGETED_DEVICE_FAMILY = "1,2";
			};
			name = Debug;
		};
		2570BCF0266CB14F008326C5 /* Release */ = {
			isa = XCBuildConfiguration;
			buildSettings = {
				ASSETCATALOG_COMPILER_APPICON_NAME = AppIcon;
				ASSETCATALOG_COMPILER_GLOBAL_ACCENT_COLOR_NAME = AccentColor;
				CODE_SIGN_STYLE = Automatic;
				DEVELOPMENT_TEAM = 5WAUHBZJ8Z;
				INFOPLIST_FILE = LayoutDrivenUIProject/Info.plist;
				LD_RUNPATH_SEARCH_PATHS = (
					"$(inherited)",
					"@executable_path/Frameworks",
				);
				PRODUCT_BUNDLE_IDENTIFIER = com.LayoutDrivenUIProject;
				PRODUCT_NAME = "$(TARGET_NAME)";
				SWIFT_VERSION = 5.0;
				TARGETED_DEVICE_FAMILY = "1,2";
			};
			name = Release;
		};
/* End XCBuildConfiguration section */

/* Begin XCConfigurationList section */
		2570BCD5266CB14E008326C5 /* Build configuration list for PBXProject "LayoutDrivenUIProject" */ = {
			isa = XCConfigurationList;
			buildConfigurations = (
				2570BCEC266CB14F008326C5 /* Debug */,
				2570BCED266CB14F008326C5 /* Release */,
			);
			defaultConfigurationIsVisible = 0;
			defaultConfigurationName = Release;
		};
		2570BCEE266CB14F008326C5 /* Build configuration list for PBXNativeTarget "LayoutDrivenUIProject" */ = {
			isa = XCConfigurationList;
			buildConfigurations = (
				2570BCEF266CB14F008326C5 /* Debug */,
				2570BCF0266CB14F008326C5 /* Release */,
			);
			defaultConfigurationIsVisible = 0;
			defaultConfigurationName = Release;
		};
/* End XCConfigurationList section */
	};
	rootObject = 2570BCD2266CB14E008326C5 /* Project object */;
}
